
Microsoft Visual Studio Solution File, Format Version 12.00
# Visual Studio Version 17
VisualStudioVersion = 17.0.31903.59
MinimumVisualStudioVersion = 10.0.40219.1
Project("{FAE04EC0-301F-11D3-BF4B-00C04F79EFBC}") = "NewTalents", "NewTalents\NewTalents.csproj", "{EEEE012F-0013-4939-A2C4-4F9B10ACE943}"
EndProject
Project("{FAE04EC0-301F-11D3-BF4B-00C04F79EFBC}") = "TestsNewTalent", "TestsNewTalent\TestsNewTalent.csproj", "{B96E8AF1-0507-4658-89C1-469A183B7636}"
EndProject
Global
	GlobalSection(SolutionConfigurationPlatforms) = preSolution
		Debug|Any CPU = Debug|Any CPU
		Release|Any CPU = Release|Any CPU
	EndGlobalSection
	GlobalSection(SolutionProperties) = preSolution
		HideSolutionNode = FALSE
	EndGlobalSection
	GlobalSection(ProjectConfigurationPlatforms) = postSolution
		{EEEE012F-0013-4939-A2C4-4F9B10ACE943}.Debug|Any CPU.ActiveCfg = Debug|Any CPU
		{EEEE012F-0013-4939-A2C4-4F9B10ACE943}.Debug|Any CPU.Build.0 = Debug|Any CPU
		{EEEE012F-0013-4939-A2C4-4F9B10ACE943}.Release|Any CPU.ActiveCfg = Release|Any CPU
		{EEEE012F-0013-4939-A2C4-4F9B10ACE943}.Release|Any CPU.Build.0 = Release|Any CPU
		{B96E8AF1-0507-4658-89C1-469A183B7636}.Debug|Any CPU.ActiveCfg = Debug|Any CPU
		{B96E8AF1-0507-4658-89C1-469A183B7636}.Debug|Any CPU.Build.0 = Debug|Any CPU
		{B96E8AF1-0507-4658-89C1-469A183B7636}.Release|Any CPU.ActiveCfg = Release|Any CPU
		{B96E8AF1-0507-4658-89C1-469A183B7636}.Release|Any CPU.Build.0 = Release|Any CPU
	EndGlobalSection
EndGlobal
